
Microsoft Visual Studio Solution File, Format Version 12.00
# Visual Studio Version 17
VisualStudioVersion = 17.1.32328.378
MinimumVisualStudioVersion = 10.0.40219.1
Project("{FAE04EC0-301F-11D3-BF4B-00C04F79EFBC}") = "ConsoleApp1", "ConsoleApp1\ConsoleApp1.csproj", "{FBECA993-FBDA-4284-AEA0-9E139ED0964C}"
EndProject
Global
	GlobalSection(SolutionConfigurationPlatforms) = preSolution
		Debug|Any CPU = Debug|Any CPU
		Release|Any CPU = Release|Any CPU
	EndGlobalSection
	GlobalSection(ProjectConfigurationPlatforms) = postSolution
		{FBECA993-FBDA-4284-AEA0-9E139ED0964C}.Debug|Any CPU.ActiveCfg = Debug|Any CPU
		{FBECA993-FBDA-4284-AEA0-9E139ED0964C}.Debug|Any CPU.Build.0 = Debug|Any CPU
		{FBECA993-FBDA-4284-AEA0-9E139ED0964C}.Release|Any CPU.ActiveCfg = Release|Any CPU
		{FBECA993-FBDA-4284-AEA0-9E139ED0964C}.Release|Any CPU.Build.0 = Release|Any CPU
	EndGlobalSection
	GlobalSection(SolutionProperties) = preSolution
		HideSolutionNode = FALSE
	EndGlobalSection
	GlobalSection(ExtensibilityGlobals) = postSolution
		SolutionGuid = {7DBF2649-E34A-45DC-9949-58CE0BDAED69}
	EndGlobalSection
EndGlobal
